symfony v2.0.21
twig v1.10.3
monolog 1.2.1
doctrine-common 2.1.4
doctrine-dbal 2.1.7
doctrine 2.1.7
swiftmailer v4.2.2
assetic v1.0.4
twig-extensions v1.0.0-alpha
metadata 1.0.0
SensioFrameworkExtraBundle v2.0.22
JMSSecurityExtraBundle e752f888c51425f71382c056961f10f2be642102
SensioDistributionBundle v2.0.22
SensioGeneratorBundle v2.0.22
AsseticBundle 6f15728c1aefa5246caa83730e3dbf70b0d46052
dflydev-markdown 11f8faa2d17f717a038b4d372abd22a6ac4a15dc
KnpMarkdownBundle 1.2.0
doctrine-fixtures b4a135c7db56ecc4602b54a2184368f440cac33e
DoctrineFixturesBundle 479f10d068bd0b01e055aa2f555946893322b79c
Imagine 0af397b3b96aac5b11593ca9136ca43a55869c5f
LiipImagineBundle 95ec1c2eb338118c9838b8e056b221f1248ccb92
twitteroauth a4c009436c0f2cac3517077c83a3742e3dfe1f90
DoctrineExtensions bed46454f8fe10ee3eb3ef9aa17c6704bac06406
SnowcapCoreBundle 7370d34e01af517cd3eb77d6aa04efeecb7b7fe0
SnowcapBootstrapBundle abe65a02ed4fe5ac5532681e6f537598441004d2
SnowcapAdminBundle a225dff64e80371e00e570f37dc0547cbca92133
SnowcapImBundle e341ff82ae29d625bf4358e148ff6492754310b9
SnowcapI18nBundle 95072fc45766139ca6974fbe6a7ffc0b137ac8c2
