symfony v2.0.17
twig v1.9.2
monolog 1.0.2
doctrine-common 2.1.4
doctrine-dbal 2.1.7
doctrine 2.1.7
swiftmailer v4.2.1
assetic v1.0.3
twig-extensions v1.0.0-alpha~1
metadata 1.0.0
SensioFrameworkExtraBundle v2.0.17
JMSSecurityExtraBundle e752f888c51425f71382c056961f10f2be642102
SensioDistributionBundle v2.0.17
SensioGeneratorBundle v2.0.17
AsseticBundle 6f15728c1aefa5246caa83730e3dbf70b0d46052
KnpMarkdownBundle d0fac3f6d2ac502386ee73def9cf900029e1d353
doctrine-fixtures 779c3dfe446b6da893be87b908d6be28345d1e01
DoctrineFixturesBundle 479f10d068bd0b01e055aa2f555946893322b79c
Imagine 9ce870e774361115c240e8e025e4617a3ac31d54
LiipImagineBundle fddd850395fea776fa12501d9da41b049f719ad8
twitteroauth v1.0.0
OrnicarAkismetBundle d142492e97394effa0e619b835ac36de0cfbcce7
Buzz 988bf14201ffbed940f23b42f87302e6adec4c21
DoctrineExtensions v0.1
SnowcapCoreBundle 035f7dceeaa726bb30bf9773e3eb175d41379835
SnowcapBootstrapBundle 17715343f5694248835c80f02980cf8f17956c07
SnowcapAdminBundle 10513594d775e72ce6053668f4fad3352265db10
SnowcapImBundle ab70f674190b06fb5c9a579a5aa114b78270f5b5
SnowcapI18nBundle 851c3690dcdb945f7bd9f5eb60fd8468f47e369e
